// !$*UTF8*$!
{
	archiveVersion = 1;
	classes = {
	};
	objectVersion = 77;
	objects = {

/* Begin PBXBuildFile section */
		ABA844FC2D0C1FE200B74761 /* BitCollections in Frameworks */ = {isa = PBXBuildFile; productRef = ABA844FB2D0C1FE200B74761 /* BitCollections */; };
		ABA844FE2D0C1FE200B74761 /* Collections in Frameworks */ = {isa = PBXBuildFile; productRef = ABA844FD2D0C1FE200B74761 /* Collections */; };
		ABA845002D0C1FE200B74761 /* DequeModule in Frameworks */ = {isa = PBXBuildFile; productRef = ABA844FF2D0C1FE200B74761 /* DequeModule */; };
		ABA845022D0C1FE200B74761 /* HashTreeCollections in Frameworks */ = {isa = PBXBuildFile; productRef = ABA845012D0C1FE200B74761 /* HashTreeCollections */; };
		ABA845042D0C1FE200B74761 /* HeapModule in Frameworks */ = {isa = PBXBuildFile; productRef = ABA845032D0C1FE200B74761 /* HeapModule */; };
		ABA845062D0C1FE200B74761 /* OrderedCollections in Frameworks */ = {isa = PBXBuildFile; productRef = ABA845052D0C1FE200B74761 /* OrderedCollections */; };
		ABA845082D0C1FE200B74761 /* _RopeModule in Frameworks */ = {isa = PBXBuildFile; productRef = ABA845072D0C1FE200B74761 /* _RopeModule */; };
/* End PBXBuildFile section */

/* Begin PBXCopyFilesBuildPhase section */
		ABA844EE2D0C1E8A00B74761 /* CopyFiles */ = {
			isa = PBXCopyFilesBuildPhase;
			buildActionMask = 12;
			dstPath = usr/share/man/man1;
			dstSubfolderSpec = 7;
			files = (
			);
			runOnlyForDeploymentPostprocessing = 0;
		};
/* End PBXCopyFilesBuildPhase section */

/* Begin PBXFileReference section */
		ABA844F02D0C1E8A00B74761 /* Day 1 */ = {isa = PBXFileReference; explicitFileType = "compiled.mach-o.executable"; includeInIndex = 0; path = "Day 1"; sourceTree = BUILT_PRODUCTS_DIR; };
/* End PBXFileReference section */

/* Begin PBXFileSystemSynchronizedGroupBuildPhaseMembershipExceptionSet section */
		ABA8450C2D0C372500B74761 /* Exceptions for "Day 1" folder in "Copy Files" phase from "Day 1" target */ = {
			isa = PBXFileSystemSynchronizedGroupBuildPhaseMembershipExceptionSet;
			buildPhase = ABA844EE2D0C1E8A00B74761 /* CopyFiles */;
			membershipExceptions = (
				day_1.dat,
			);
		};
/* End PBXFileSystemSynchronizedGroupBuildPhaseMembershipExceptionSet section */

/* Begin PBXFileSystemSynchronizedRootGroup section */
		ABA844F22D0C1E8A00B74761 /* Day 1 */ = {
			isa = PBXFileSystemSynchronizedRootGroup;
			exceptions = (
				ABA8450C2D0C372500B74761 /* Exceptions for "Day 1" folder in "Copy Files" phase from "Day 1" target */,
			);
			path = "Day 1";
			sourceTree = "<group>";
		};
/* End PBXFileSystemSynchronizedRootGroup section */

/* Begin PBXFrameworksBuildPhase section */
		ABA844ED2D0C1E8A00B74761 /* Frameworks */ = {
			isa = PBXFrameworksBuildPhase;
			buildActionMask = 2147483647;
			files = (
				ABA844FE2D0C1FE200B74761 /* Collections in Frameworks */,
				ABA845042D0C1FE200B74761 /* HeapModule in Frameworks */,
				ABA845062D0C1FE200B74761 /* OrderedCollections in Frameworks */,
				ABA844FC2D0C1FE200B74761 /* BitCollections in Frameworks */,
				ABA845022D0C1FE200B74761 /* HashTreeCollections in Frameworks */,
				ABA845002D0C1FE200B74761 /* DequeModule in Frameworks */,
				ABA845082D0C1FE200B74761 /* _RopeModule in Frameworks */,
			);
			runOnlyForDeploymentPostprocessing = 0;
		};
/* End PBXFrameworksBuildPhase section */

/* Begin PBXGroup section */
		ABA844E72D0C1E8A00B74761 = {
			isa = PBXGroup;
			children = (
				ABA844F22D0C1E8A00B74761 /* Day 1 */,
				ABA844F12D0C1E8A00B74761 /* Products */,
			);
			sourceTree = "<group>";
		};
		ABA844F12D0C1E8A00B74761 /* Products */ = {
			isa = PBXGroup;
			children = (
				ABA844F02D0C1E8A00B74761 /* Day 1 */,
			);
			name = Products;
			sourceTree = "<group>";
		};
/* End PBXGroup section */

/* Begin PBXNativeTarget section */
		ABA844EF2D0C1E8A00B74761 /* Day 1 */ = {
			isa = PBXNativeTarget;
			buildConfigurationList = ABA844F72D0C1E8A00B74761 /* Build configuration list for PBXNativeTarget "Day 1" */;
			buildPhases = (
				ABA844EC2D0C1E8A00B74761 /* Sources */,
				ABA844ED2D0C1E8A00B74761 /* Frameworks */,
				ABA844EE2D0C1E8A00B74761 /* CopyFiles */,
			);
			buildRules = (
			);
			dependencies = (
			);
			fileSystemSynchronizedGroups = (
				ABA844F22D0C1E8A00B74761 /* Day 1 */,
			);
			name = "Day 1";
			packageProductDependencies = (
				ABA844FB2D0C1FE200B74761 /* BitCollections */,
				ABA844FD2D0C1FE200B74761 /* Collections */,
				ABA844FF2D0C1FE200B74761 /* DequeModule */,
				ABA845012D0C1FE200B74761 /* HashTreeCollections */,
				ABA845032D0C1FE200B74761 /* HeapModule */,
				ABA845052D0C1FE200B74761 /* OrderedCollections */,
				ABA845072D0C1FE200B74761 /* _RopeModule */,
			);
			productName = "Day 1";
			productReference = ABA844F02D0C1E8A00B74761 /* Day 1 */;
			productType = "com.apple.product-type.tool";
		};
/* End PBXNativeTarget section */

/* Begin PBXProject section */
		ABA844E82D0C1E8A00B74761 /* Project object */ = {
			isa = PBXProject;
			attributes = {
				BuildIndependentTargetsInParallel = 1;
				LastSwiftUpdateCheck = 1620;
				LastUpgradeCheck = 1620;
				TargetAttributes = {
					ABA844EF2D0C1E8A00B74761 = {
						CreatedOnToolsVersion = 16.2;
					};
				};
			};
			buildConfigurationList = ABA844EB2D0C1E8A00B74761 /* Build configuration list for PBXProject "Day 1" */;
			developmentRegion = en;
			hasScannedForEncodings = 0;
			knownRegions = (
				en,
				Base,
			);
			mainGroup = ABA844E72D0C1E8A00B74761;
			minimizedProjectReferenceProxies = 1;
			packageReferences = (
				ABA844FA2D0C1FE200B74761 /* XCRemoteSwiftPackageReference "swift-collections" */,
			);
			preferredProjectObjectVersion = 77;
			productRefGroup = ABA844F12D0C1E8A00B74761 /* Products */;
			projectDirPath = "";
			projectRoot = "";
			targets = (
				ABA844EF2D0C1E8A00B74761 /* Day 1 */,
			);
		};
/* End PBXProject section */

/* Begin PBXSourcesBuildPhase section */
		ABA844EC2D0C1E8A00B74761 /* Sources */ = {
			isa = PBXSourcesBuildPhase;
			buildActionMask = 2147483647;
			files = (
			);
			runOnlyForDeploymentPostprocessing = 0;
		};
/* End PBXSourcesBuildPhase section */

/* Begin XCBuildConfiguration section */
		ABA844F52D0C1E8A00B74761 /* Debug */ = {
			isa = XCBuildConfiguration;
			buildSettings = {
				ALWAYS_SEARCH_USER_PATHS = NO;
				ASSETCATALOG_COMPILER_GENERATE_SWIFT_ASSET_SYMBOL_EXTENSIONS = YES;
				CLANG_ANALYZER_NONNULL = YES;
				CLANG_ANALYZER_NUMBER_OBJECT_CONVERSION = YES_AGGRESSIVE;
				CLANG_CXX_LANGUAGE_STANDARD = "gnu++20";
				CLANG_ENABLE_MODULES = YES;
				CLANG_ENABLE_OBJC_ARC = YES;
				CLANG_ENABLE_OBJC_WEAK = YES;
				CLANG_WARN_BLOCK_CAPTURE_AUTORELEASING = YES;
				CLANG_WARN_BOOL_CONVERSION = YES;
				CLANG_WARN_COMMA = YES;
				CLANG_WARN_CONSTANT_CONVERSION = YES;
				CLANG_WARN_DEPRECATED_OBJC_IMPLEMENTATIONS = YES;
				CLANG_WARN_DIRECT_OBJC_ISA_USAGE = YES_ERROR;
				CLANG_WARN_DOCUMENTATION_COMMENTS = YES;
				CLANG_WARN_EMPTY_BODY = YES;
				CLANG_WARN_ENUM_CONVERSION = YES;
				CLANG_WARN_INFINITE_RECURSION = YES;
				CLANG_WARN_INT_CONVERSION = YES;
				CLANG_WARN_NON_LITERAL_NULL_CONVERSION = YES;
				CLANG_WARN_OBJC_IMPLICIT_RETAIN_SELF = YES;
				CLANG_WARN_OBJC_LITERAL_CONVERSION = YES;
				CLANG_WARN_OBJC_ROOT_CLASS = YES_ERROR;
				CLANG_WARN_QUOTED_INCLUDE_IN_FRAMEWORK_HEADER = YES;
				CLANG_WARN_RANGE_LOOP_ANALYSIS = YES;
				CLANG_WARN_STRICT_PROTOTYPES = YES;
				CLANG_WARN_SUSPICIOUS_MOVE = YES;
				CLANG_WARN_UNGUARDED_AVAILABILITY = YES_AGGRESSIVE;
				CLANG_WARN_UNREACHABLE_CODE = YES;
				CLANG_WARN__DUPLICATE_METHOD_MATCH = YES;
				COPY_PHASE_STRIP = NO;
				DEBUG_INFORMATION_FORMAT = dwarf;
				ENABLE_STRICT_OBJC_MSGSEND = YES;
				ENABLE_TESTABILITY = YES;
				ENABLE_USER_SCRIPT_SANDBOXING = YES;
				GCC_C_LANGUAGE_STANDARD = gnu17;
				GCC_DYNAMIC_NO_PIC = NO;
				GCC_NO_COMMON_BLOCKS = YES;
				GCC_OPTIMIZATION_LEVEL = 0;
				GCC_PREPROCESSOR_DEFINITIONS = (
					"DEBUG=1",
					"$(inherited)",
				);
				GCC_WARN_64_TO_32_BIT_CONVERSION = YES;
				GCC_WARN_ABOUT_RETURN_TYPE = YES_ERROR;
				GCC_WARN_UNDECLARED_SELECTOR = YES;
				GCC_WARN_UNINITIALIZED_AUTOS = YES_AGGRESSIVE;
				GCC_WARN_UNUSED_FUNCTION = YES;
				GCC_WARN_UNUSED_VARIABLE = YES;
				LOCALIZATION_PREFERS_STRING_CATALOGS = YES;
				MACOSX_DEPLOYMENT_TARGET = 15.2;
				MTL_ENABLE_DEBUG_INFO = INCLUDE_SOURCE;
				MTL_FAST_MATH = YES;
				ONLY_ACTIVE_ARCH = YES;
				SDKROOT = macosx;
				SWIFT_ACTIVE_COMPILATION_CONDITIONS = "DEBUG $(inherited)";
				SWIFT_OPTIMIZATION_LEVEL = "-Onone";
			};
			name = Debug;
		};
		ABA844F62D0C1E8A00B74761 /* Release */ = {
			isa = XCBuildConfiguration;
			buildSettings = {
				ALWAYS_SEARCH_USER_PATHS = NO;
				ASSETCATALOG_COMPILER_GENERATE_SWIFT_ASSET_SYMBOL_EXTENSIONS = YES;
				CLANG_ANALYZER_NONNULL = YES;
				CLANG_ANALYZER_NUMBER_OBJECT_CONVERSION = YES_AGGRESSIVE;
				CLANG_CXX_LANGUAGE_STANDARD = "gnu++20";
				CLANG_ENABLE_MODULES = YES;
				CLANG_ENABLE_OBJC_ARC = YES;
				CLANG_ENABLE_OBJC_WEAK = YES;
				CLANG_WARN_BLOCK_CAPTURE_AUTORELEASING = YES;
				CLANG_WARN_BOOL_CONVERSION = YES;
				CLANG_WARN_COMMA = YES;
				CLANG_WARN_CONSTANT_CONVERSION = YES;
				CLANG_WARN_DEPRECATED_OBJC_IMPLEMENTATIONS = YES;
				CLANG_WARN_DIRECT_OBJC_ISA_USAGE = YES_ERROR;
				CLANG_WARN_DOCUMENTATION_COMMENTS = YES;
				CLANG_WARN_EMPTY_BODY = YES;
				CLANG_WARN_ENUM_CONVERSION = YES;
				CLANG_WARN_INFINITE_RECURSION = YES;
				CLANG_WARN_INT_CONVERSION = YES;
				CLANG_WARN_NON_LITERAL_NULL_CONVERSION = YES;
				CLANG_WARN_OBJC_IMPLICIT_RETAIN_SELF = YES;
				CLANG_WARN_OBJC_LITERAL_CONVERSION = YES;
				CLANG_WARN_OBJC_ROOT_CLASS = YES_ERROR;
				CLANG_WARN_QUOTED_INCLUDE_IN_FRAMEWORK_HEADER = YES;
				CLANG_WARN_RANGE_LOOP_ANALYSIS = YES;
				CLANG_WARN_STRICT_PROTOTYPES = YES;
				CLANG_WARN_SUSPICIOUS_MOVE = YES;
				CLANG_WARN_UNGUARDED_AVAILABILITY = YES_AGGRESSIVE;
				CLANG_WARN_UNREACHABLE_CODE = YES;
				CLANG_WARN__DUPLICATE_METHOD_MATCH = YES;
				COPY_PHASE_STRIP = NO;
				DEBUG_INFORMATION_FORMAT = "dwarf-with-dsym";
				ENABLE_NS_ASSERTIONS = NO;
				ENABLE_STRICT_OBJC_MSGSEND = YES;
				ENABLE_USER_SCRIPT_SANDBOXING = YES;
				GCC_C_LANGUAGE_STANDARD = gnu17;
				GCC_NO_COMMON_BLOCKS = YES;
				GCC_WARN_64_TO_32_BIT_CONVERSION = YES;
				GCC_WARN_ABOUT_RETURN_TYPE = YES_ERROR;
				GCC_WARN_UNDECLARED_SELECTOR = YES;
				GCC_WARN_UNINITIALIZED_AUTOS = YES_AGGRESSIVE;
				GCC_WARN_UNUSED_FUNCTION = YES;
				GCC_WARN_UNUSED_VARIABLE = YES;
				LOCALIZATION_PREFERS_STRING_CATALOGS = YES;
				MACOSX_DEPLOYMENT_TARGET = 15.2;
				MTL_ENABLE_DEBUG_INFO = NO;
				MTL_FAST_MATH = YES;
				SDKROOT = macosx;
				SWIFT_COMPILATION_MODE = wholemodule;
			};
			name = Release;
		};
		ABA844F82D0C1E8A00B74761 /* Debug */ = {
			isa = XCBuildConfiguration;
			buildSettings = {
				CODE_SIGN_STYLE = Automatic;
				DEVELOPMENT_ASSET_PATHS = "";
				PRODUCT_NAME = "$(TARGET_NAME)";
				SWIFT_VERSION = 5.0;
			};
			name = Debug;
		};
		ABA844F92D0C1E8A00B74761 /* Release */ = {
			isa = XCBuildConfiguration;
			buildSettings = {
				CODE_SIGN_STYLE = Automatic;
				DEVELOPMENT_ASSET_PATHS = "";
				PRODUCT_NAME = "$(TARGET_NAME)";
				SWIFT_VERSION = 5.0;
			};
			name = Release;
		};
/* End XCBuildConfiguration section */

/* Begin XCConfigurationList section */
		ABA844EB2D0C1E8A00B74761 /* Build configuration list for PBXProject "Day 1" */ = {
			isa = XCConfigurationList;
			buildConfigurations = (
				ABA844F52D0C1E8A00B74761 /* Debug */,
				ABA844F62D0C1E8A00B74761 /* Release */,
			);
			defaultConfigurationIsVisible = 0;
			defaultConfigurationName = Release;
		};
		ABA844F72D0C1E8A00B74761 /* Build configuration list for PBXNativeTarget "Day 1" */ = {
			isa = XCConfigurationList;
			buildConfigurations = (
				ABA844F82D0C1E8A00B74761 /* Debug */,
				ABA844F92D0C1E8A00B74761 /* Release */,
			);
			defaultConfigurationIsVisible = 0;
			defaultConfigurationName = Release;
		};
/* End XCConfigurationList section */

/* Begin XCRemoteSwiftPackageReference section */
		ABA844FA2D0C1FE200B74761 /* XCRemoteSwiftPackageReference "swift-collections" */ = {
			isa = XCRemoteSwiftPackageReference;
			repositoryURL = "https://github.com/apple/swift-collections.git";
			requirement = {
				kind = upToNextMajorVersion;
				minimumVersion = 1.1.4;
			};
		};
/* End XCRemoteSwiftPackageReference section */

/* Begin XCSwiftPackageProductDependency section */
		ABA844FB2D0C1FE200B74761 /* BitCollections */ = {
			isa = XCSwiftPackageProductDependency;
			package = ABA844FA2D0C1FE200B74761 /* XCRemoteSwiftPackageReference "swift-collections" */;
			productName = BitCollections;
		};
		ABA844FD2D0C1FE200B74761 /* Collections */ = {
			isa = XCSwiftPackageProductDependency;
			package = ABA844FA2D0C1FE200B74761 /* XCRemoteSwiftPackageReference "swift-collections" */;
			productName = Collections;
		};
		ABA844FF2D0C1FE200B74761 /* DequeModule */ = {
			isa = XCSwiftPackageProductDependency;
			package = ABA844FA2D0C1FE200B74761 /* XCRemoteSwiftPackageReference "swift-collections" */;
			productName = DequeModule;
		};
		ABA845012D0C1FE200B74761 /* HashTreeCollections */ = {
			isa = XCSwiftPackageProductDependency;
			package = ABA844FA2D0C1FE200B74761 /* XCRemoteSwiftPackageReference "swift-collections" */;
			productName = HashTreeCollections;
		};
		ABA845032D0C1FE200B74761 /* HeapModule */ = {
			isa = XCSwiftPackageProductDependency;
			package = ABA844FA2D0C1FE200B74761 /* XCRemoteSwiftPackageReference "swift-collections" */;
			productName = HeapModule;
		};
		ABA845052D0C1FE200B74761 /* OrderedCollections */ = {
			isa = XCSwiftPackageProductDependency;
			package = ABA844FA2D0C1FE200B74761 /* XCRemoteSwiftPackageReference "swift-collections" */;
			productName = OrderedCollections;
		};
		ABA845072D0C1FE200B74761 /* _RopeModule */ = {
			isa = XCSwiftPackageProductDependency;
			package = ABA844FA2D0C1FE200B74761 /* XCRemoteSwiftPackageReference "swift-collections" */;
			productName = _RopeModule;
		};
/* End XCSwiftPackageProductDependency section */
	};
	rootObject = ABA844E82D0C1E8A00B74761 /* Project object */;
}
